
Microsoft Visual Studio Solution File, Format Version 12.00
# Visual Studio Version 17
VisualStudioVersion = 17.11.35208.52
MinimumVisualStudioVersion = 10.0.40219.1
Project("{FAE04EC0-301F-11D3-BF4B-00C04F79EFBC}") = "DemoApp", "DemoApp\DemoApp.csproj", "{2497E2F0-879C-4AFF-9C84-AC69BB7A5027}"
EndProject
Project("{FAE04EC0-301F-11D3-BF4B-00C04F79EFBC}") = "ControlsLibrary", "ControlsLibrary\ControlsLibrary.csproj", "{F561B2CD-C4AF-49D6-AB5A-6A9D5669FC0F}"
EndProject
Global
	GlobalSection(SolutionConfigurationPlatforms) = preSolution
		Debug|Any CPU = Debug|Any CPU
		Release|Any CPU = Release|Any CPU
	EndGlobalSection
	GlobalSection(ProjectConfigurationPlatforms) = postSolution
		{2497E2F0-879C-4AFF-9C84-AC69BB7A5027}.Debug|Any CPU.ActiveCfg = Debug|Any CPU
		{2497E2F0-879C-4AFF-9C84-AC69BB7A5027}.Debug|Any CPU.Build.0 = Debug|Any CPU
		{2497E2F0-879C-4AFF-9C84-AC69BB7A5027}.Release|Any CPU.ActiveCfg = Release|Any CPU
		{2497E2F0-879C-4AFF-9C84-AC69BB7A5027}.Release|Any CPU.Build.0 = Release|Any CPU
		{F561B2CD-C4AF-49D6-AB5A-6A9D5669FC0F}.Debug|Any CPU.ActiveCfg = Debug|Any CPU
		{F561B2CD-C4AF-49D6-AB5A-6A9D5669FC0F}.Debug|Any CPU.Build.0 = Debug|Any CPU
		{F561B2CD-C4AF-49D6-AB5A-6A9D5669FC0F}.Release|Any CPU.ActiveCfg = Release|Any CPU
		{F561B2CD-C4AF-49D6-AB5A-6A9D5669FC0F}.Release|Any CPU.Build.0 = Release|Any CPU
	EndGlobalSection
	GlobalSection(SolutionProperties) = preSolution
		HideSolutionNode = FALSE
	EndGlobalSection
	GlobalSection(ExtensibilityGlobals) = postSolution
		SolutionGuid = {03574AF1-E08C-44B9-9088-D4333D1E4991}
	EndGlobalSection
EndGlobal
